{
  "name": "Map",
  "lockfileVersion": 3,
  "requires": true,
  "packages": {
    "": {
      "dependencies": {
        "@cloudinary/url-gen": "^1.13.0"
      }
    },
    "node_modules/@cloudinary/transformation-builder-sdk": {
      "version": "1.9.0",
      "resolved": "https://registry.npmjs.org/@cloudinary/transformation-builder-sdk/-/transformation-builder-sdk-1.9.0.tgz",
      "integrity": "sha512-19ZV3r2dE2mYMZTN/ytP7p7hmqiD7PC6EoWdQwJByabN4JXtNwgotElHYC509/eD7j5xJajghgHiIXTonrgMhQ==",
      "dependencies": {
        "@cloudinary/url-gen": "^1.7.0"
      }
    },
    "node_modules/@cloudinary/url-gen": {
      "version": "1.13.0",
      "resolved": "https://registry.npmjs.org/@cloudinary/url-gen/-/url-gen-1.13.0.tgz",
      "integrity": "sha512-p7ASCX2fZw1JWtMG2ADd/Y0TfvE5SX9v0TDJDlzXX3OlNxLSuqzLWGgj5oJD4ZTo62FdxH24N8HPZ7NXEXtj5g==",
      "dependencies": {
        "@cloudinary/transformation-builder-sdk": "^1.7.0"
      }
    }
  }
}
